// !$*UTF8*$!
{
	archiveVersion = 1;
	classes = {
	};
	objectVersion = 56;
	objects = {

/* Begin PBXBuildFile section */
		CA765C0F2AA0AC12004CBD52 /* CoffeeMastersApp.swift in Sources */ = {isa = PBXBuildFile; fileRef = CA765C0E2AA0AC12004CBD52 /* CoffeeMastersApp.swift */; };
		CA765C112AA0AC12004CBD52 /* ContentView.swift in Sources */ = {isa = PBXBuildFile; fileRef = CA765C102AA0AC12004CBD52 /* ContentView.swift */; };
		CA765C132AA0AC13004CBD52 /* Assets.xcassets in Resources */ = {isa = PBXBuildFile; fileRef = CA765C122AA0AC13004CBD52 /* Assets.xcassets */; };
		CA765C162AA0AC13004CBD52 /* Preview Assets.xcassets in Resources */ = {isa = PBXBuildFile; fileRef = CA765C152AA0AC13004CBD52 /* Preview Assets.xcassets */; };
		CA765C1D2AA1B865004CBD52 /* Offer.swift in Sources */ = {isa = PBXBuildFile; fileRef = CA765C1C2AA1B865004CBD52 /* Offer.swift */; };
		CA765C1F2AA1C5E7004CBD52 /* OffersPage.swift in Sources */ = {isa = PBXBuildFile; fileRef = CA765C1E2AA1C5E7004CBD52 /* OffersPage.swift */; };
		CA765C242AA1CEC8004CBD52 /* MenuPage.swift in Sources */ = {isa = PBXBuildFile; fileRef = CA765C232AA1CEC8004CBD52 /* MenuPage.swift */; };
		CA765C262AA1CED5004CBD52 /* OrderPage.swift in Sources */ = {isa = PBXBuildFile; fileRef = CA765C252AA1CED5004CBD52 /* OrderPage.swift */; };
		CA765C282AA1CEDF004CBD52 /* InfoPage.swift in Sources */ = {isa = PBXBuildFile; fileRef = CA765C272AA1CEDF004CBD52 /* InfoPage.swift */; };
		CA765C2A2AA1CF7A004CBD52 /* ProductItem.swift in Sources */ = {isa = PBXBuildFile; fileRef = CA765C292AA1CF7A004CBD52 /* ProductItem.swift */; };
		CA765C2C2AA1D1F8004CBD52 /* DetailsPage.swift in Sources */ = {isa = PBXBuildFile; fileRef = CA765C2B2AA1D1F8004CBD52 /* DetailsPage.swift */; };
		CA765C2F2AA1D43A004CBD52 /* Category.swift in Sources */ = {isa = PBXBuildFile; fileRef = CA765C2E2AA1D43A004CBD52 /* Category.swift */; };
		CA765C312AA1D446004CBD52 /* Product.swift in Sources */ = {isa = PBXBuildFile; fileRef = CA765C302AA1D446004CBD52 /* Product.swift */; };
		CA765C332AA1D892004CBD52 /* MenuManager.swift in Sources */ = {isa = PBXBuildFile; fileRef = CA765C322AA1D892004CBD52 /* MenuManager.swift */; };
		CA765C352AA1D8AB004CBD52 /* CartManager.swift in Sources */ = {isa = PBXBuildFile; fileRef = CA765C342AA1D8AB004CBD52 /* CartManager.swift */; };
		CA765C372AA1DF8C004CBD52 /* OrderItem.swift in Sources */ = {isa = PBXBuildFile; fileRef = CA765C362AA1DF8C004CBD52 /* OrderItem.swift */; };
		CA765C3A2AA204B9004CBD52 /* Alamofire in Frameworks */ = {isa = PBXBuildFile; productRef = CA765C392AA204B9004CBD52 /* Alamofire */; };
/* End PBXBuildFile section */

/* Begin PBXFileReference section */
		CA765C0B2AA0AC12004CBD52 /* CoffeeMasters.app */ = {isa = PBXFileReference; explicitFileType = wrapper.application; includeInIndex = 0; path = CoffeeMasters.app; sourceTree = BUILT_PRODUCTS_DIR; };
		CA765C0E2AA0AC12004CBD52 /* CoffeeMastersApp.swift */ = {isa = PBXFileReference; lastKnownFileType = sourcecode.swift; path = CoffeeMastersApp.swift; sourceTree = "<group>"; };
		CA765C102AA0AC12004CBD52 /* ContentView.swift */ = {isa = PBXFileReference; lastKnownFileType = sourcecode.swift; path = ContentView.swift; sourceTree = "<group>"; };
		CA765C122AA0AC13004CBD52 /* Assets.xcassets */ = {isa = PBXFileReference; lastKnownFileType = folder.assetcatalog; path = Assets.xcassets; sourceTree = "<group>"; };
		CA765C152AA0AC13004CBD52 /* Preview Assets.xcassets */ = {isa = PBXFileReference; lastKnownFileType = folder.assetcatalog; path = "Preview Assets.xcassets"; sourceTree = "<group>"; };
		CA765C1C2AA1B865004CBD52 /* Offer.swift */ = {isa = PBXFileReference; lastKnownFileType = sourcecode.swift; path = Offer.swift; sourceTree = "<group>"; };
		CA765C1E2AA1C5E7004CBD52 /* OffersPage.swift */ = {isa = PBXFileReference; lastKnownFileType = sourcecode.swift; path = OffersPage.swift; sourceTree = "<group>"; };
		CA765C232AA1CEC8004CBD52 /* MenuPage.swift */ = {isa = PBXFileReference; lastKnownFileType = sourcecode.swift; path = MenuPage.swift; sourceTree = "<group>"; };
		CA765C252AA1CED5004CBD52 /* OrderPage.swift */ = {isa = PBXFileReference; lastKnownFileType = sourcecode.swift; path = OrderPage.swift; sourceTree = "<group>"; };
		CA765C272AA1CEDF004CBD52 /* InfoPage.swift */ = {isa = PBXFileReference; lastKnownFileType = sourcecode.swift; path = InfoPage.swift; sourceTree = "<group>"; };
		CA765C292AA1CF7A004CBD52 /* ProductItem.swift */ = {isa = PBXFileReference; lastKnownFileType = sourcecode.swift; path = ProductItem.swift; sourceTree = "<group>"; };
		CA765C2B2AA1D1F8004CBD52 /* DetailsPage.swift */ = {isa = PBXFileReference; lastKnownFileType = sourcecode.swift; path = DetailsPage.swift; sourceTree = "<group>"; };
		CA765C2E2AA1D43A004CBD52 /* Category.swift */ = {isa = PBXFileReference; lastKnownFileType = sourcecode.swift; path = Category.swift; sourceTree = "<group>"; };
		CA765C302AA1D446004CBD52 /* Product.swift */ = {isa = PBXFileReference; lastKnownFileType = sourcecode.swift; path = Product.swift; sourceTree = "<group>"; };
		CA765C322AA1D892004CBD52 /* MenuManager.swift */ = {isa = PBXFileReference; lastKnownFileType = sourcecode.swift; path = MenuManager.swift; sourceTree = "<group>"; };
		CA765C342AA1D8AB004CBD52 /* CartManager.swift */ = {isa = PBXFileReference; lastKnownFileType = sourcecode.swift; path = CartManager.swift; sourceTree = "<group>"; };
		CA765C362AA1DF8C004CBD52 /* OrderItem.swift */ = {isa = PBXFileReference; lastKnownFileType = sourcecode.swift; path = OrderItem.swift; sourceTree = "<group>"; };
		CA765C3B2AA22A92004CBD52 /* Info.plist */ = {isa = PBXFileReference; lastKnownFileType = text.plist; path = Info.plist; sourceTree = "<group>"; };
/* End PBXFileReference section */

/* Begin PBXFrameworksBuildPhase section */
		CA765C082AA0AC12004CBD52 /* Frameworks */ = {
			isa = PBXFrameworksBuildPhase;
			buildActionMask = 2147483647;
			files = (
				CA765C3A2AA204B9004CBD52 /* Alamofire in Frameworks */,
			);
			runOnlyForDeploymentPostprocessing = 0;
		};
/* End PBXFrameworksBuildPhase section */

/* Begin PBXGroup section */
		CA765C022AA0AC12004CBD52 = {
			isa = PBXGroup;
			children = (
				CA765C0D2AA0AC12004CBD52 /* CoffeeMasters */,
				CA765C0C2AA0AC12004CBD52 /* Products */,
			);
			sourceTree = "<group>";
		};
		CA765C0C2AA0AC12004CBD52 /* Products */ = {
			isa = PBXGroup;
			children = (
				CA765C0B2AA0AC12004CBD52 /* CoffeeMasters.app */,
			);
			name = Products;
			sourceTree = "<group>";
		};
		CA765C0D2AA0AC12004CBD52 /* CoffeeMasters */ = {
			isa = PBXGroup;
			children = (
				CA765C3B2AA22A92004CBD52 /* Info.plist */,
				CA765C2D2AA1D41C004CBD52 /* Model */,
				CA765C222AA1CDF9004CBD52 /* Page Views */,
				CA765C212AA1CDEC004CBD52 /* Views */,
				CA765C0E2AA0AC12004CBD52 /* CoffeeMastersApp.swift */,
				CA765C102AA0AC12004CBD52 /* ContentView.swift */,
				CA765C122AA0AC13004CBD52 /* Assets.xcassets */,
				CA765C142AA0AC13004CBD52 /* Preview Content */,
			);
			path = CoffeeMasters;
			sourceTree = "<group>";
		};
		CA765C142AA0AC13004CBD52 /* Preview Content */ = {
			isa = PBXGroup;
			children = (
				CA765C152AA0AC13004CBD52 /* Preview Assets.xcassets */,
			);
			path = "Preview Content";
			sourceTree = "<group>";
		};
		CA765C212AA1CDEC004CBD52 /* Views */ = {
			isa = PBXGroup;
			children = (
				CA765C1C2AA1B865004CBD52 /* Offer.swift */,
				CA765C292AA1CF7A004CBD52 /* ProductItem.swift */,
				CA765C362AA1DF8C004CBD52 /* OrderItem.swift */,
			);
			path = Views;
			sourceTree = "<group>";
		};
		CA765C222AA1CDF9004CBD52 /* Page Views */ = {
			isa = PBXGroup;
			children = (
				CA765C1E2AA1C5E7004CBD52 /* OffersPage.swift */,
				CA765C232AA1CEC8004CBD52 /* MenuPage.swift */,
				CA765C252AA1CED5004CBD52 /* OrderPage.swift */,
				CA765C272AA1CEDF004CBD52 /* InfoPage.swift */,
				CA765C2B2AA1D1F8004CBD52 /* DetailsPage.swift */,
			);
			path = "Page Views";
			sourceTree = "<group>";
		};
		CA765C2D2AA1D41C004CBD52 /* Model */ = {
			isa = PBXGroup;
			children = (
				CA765C2E2AA1D43A004CBD52 /* Category.swift */,
				CA765C302AA1D446004CBD52 /* Product.swift */,
				CA765C322AA1D892004CBD52 /* MenuManager.swift */,
				CA765C342AA1D8AB004CBD52 /* CartManager.swift */,
			);
			path = Model;
			sourceTree = "<group>";
		};
/* End PBXGroup section */

/* Begin PBXNativeTarget section */
		CA765C0A2AA0AC12004CBD52 /* CoffeeMasters */ = {
			isa = PBXNativeTarget;
			buildConfigurationList = CA765C192AA0AC13004CBD52 /* Build configuration list for PBXNativeTarget "CoffeeMasters" */;
			buildPhases = (
				CA765C072AA0AC12004CBD52 /* Sources */,
				CA765C082AA0AC12004CBD52 /* Frameworks */,
				CA765C092AA0AC12004CBD52 /* Resources */,
			);
			buildRules = (
			);
			dependencies = (
			);
			name = CoffeeMasters;
			packageProductDependencies = (
				CA765C392AA204B9004CBD52 /* Alamofire */,
			);
			productName = CoffeeMasters;
			productReference = CA765C0B2AA0AC12004CBD52 /* CoffeeMasters.app */;
			productType = "com.apple.product-type.application";
		};
/* End PBXNativeTarget section */

/* Begin PBXProject section */
		CA765C032AA0AC12004CBD52 /* Project object */ = {
			isa = PBXProject;
			attributes = {
				BuildIndependentTargetsInParallel = 1;
				LastSwiftUpdateCheck = 1430;
				LastUpgradeCheck = 1430;
				TargetAttributes = {
					CA765C0A2AA0AC12004CBD52 = {
						CreatedOnToolsVersion = 14.3.1;
					};
				};
			};
			buildConfigurationList = CA765C062AA0AC12004CBD52 /* Build configuration list for PBXProject "CoffeeMasters" */;
			compatibilityVersion = "Xcode 14.0";
			developmentRegion = en;
			hasScannedForEncodings = 0;
			knownRegions = (
				en,
				Base,
			);
			mainGroup = CA765C022AA0AC12004CBD52;
			packageReferences = (
				CA765C382AA204B9004CBD52 /* XCRemoteSwiftPackageReference "Alamofire" */,
			);
			productRefGroup = CA765C0C2AA0AC12004CBD52 /* Products */;
			projectDirPath = "";
			projectRoot = "";
			targets = (
				CA765C0A2AA0AC12004CBD52 /* CoffeeMasters */,
			);
		};
/* End PBXProject section */

/* Begin PBXResourcesBuildPhase section */
		CA765C092AA0AC12004CBD52 /* Resources */ = {
			isa = PBXResourcesBuildPhase;
			buildActionMask = 2147483647;
			files = (
				CA765C162AA0AC13004CBD52 /* Preview Assets.xcassets in Resources */,
				CA765C132AA0AC13004CBD52 /* Assets.xcassets in Resources */,
			);
			runOnlyForDeploymentPostprocessing = 0;
		};
/* End PBXResourcesBuildPhase section */

/* Begin PBXSourcesBuildPhase section */
		CA765C072AA0AC12004CBD52 /* Sources */ = {
			isa = PBXSourcesBuildPhase;
			buildActionMask = 2147483647;
			files = (
				CA765C332AA1D892004CBD52 /* MenuManager.swift in Sources */,
				CA765C352AA1D8AB004CBD52 /* CartManager.swift in Sources */,
				CA765C1D2AA1B865004CBD52 /* Offer.swift in Sources */,
				CA765C2F2AA1D43A004CBD52 /* Category.swift in Sources */,
				CA765C2A2AA1CF7A004CBD52 /* ProductItem.swift in Sources */,
				CA765C1F2AA1C5E7004CBD52 /* OffersPage.swift in Sources */,
				CA765C2C2AA1D1F8004CBD52 /* DetailsPage.swift in Sources */,
				CA765C312AA1D446004CBD52 /* Product.swift in Sources */,
				CA765C242AA1CEC8004CBD52 /* MenuPage.swift in Sources */,
				CA765C372AA1DF8C004CBD52 /* OrderItem.swift in Sources */,
				CA765C282AA1CEDF004CBD52 /* InfoPage.swift in Sources */,
				CA765C112AA0AC12004CBD52 /* ContentView.swift in Sources */,
				CA765C262AA1CED5004CBD52 /* OrderPage.swift in Sources */,
				CA765C0F2AA0AC12004CBD52 /* CoffeeMastersApp.swift in Sources */,
			);
			runOnlyForDeploymentPostprocessing = 0;
		};
/* End PBXSourcesBuildPhase section */

/* Begin XCBuildConfiguration section */
		CA765C172AA0AC13004CBD52 /* Debug */ = {
			isa = XCBuildConfiguration;
			buildSettings = {
				ALWAYS_SEARCH_USER_PATHS = NO;
				CLANG_ANALYZER_NONNULL = YES;
				CLANG_ANALYZER_NUMBER_OBJECT_CONVERSION = YES_AGGRESSIVE;
				CLANG_CXX_LANGUAGE_STANDARD = "gnu++20";
				CLANG_ENABLE_MODULES = YES;
				CLANG_ENABLE_OBJC_ARC = YES;
				CLANG_ENABLE_OBJC_WEAK = YES;
				CLANG_WARN_BLOCK_CAPTURE_AUTORELEASING = YES;
				CLANG_WARN_BOOL_CONVERSION = YES;
				CLANG_WARN_COMMA = YES;
				CLANG_WARN_CONSTANT_CONVERSION = YES;
				CLANG_WARN_DEPRECATED_OBJC_IMPLEMENTATIONS = YES;
				CLANG_WARN_DIRECT_OBJC_ISA_USAGE = YES_ERROR;
				CLANG_WARN_DOCUMENTATION_COMMENTS = YES;
				CLANG_WARN_EMPTY_BODY = YES;
				CLANG_WARN_ENUM_CONVERSION = YES;
				CLANG_WARN_INFINITE_RECURSION = YES;
				CLANG_WARN_INT_CONVERSION = YES;
				CLANG_WARN_NON_LITERAL_NULL_CONVERSION = YES;
				CLANG_WARN_OBJC_IMPLICIT_RETAIN_SELF = YES;
				CLANG_WARN_OBJC_LITERAL_CONVERSION = YES;
				CLANG_WARN_OBJC_ROOT_CLASS = YES_ERROR;
				CLANG_WARN_QUOTED_INCLUDE_IN_FRAMEWORK_HEADER = YES;
				CLANG_WARN_RANGE_LOOP_ANALYSIS = YES;
				CLANG_WARN_STRICT_PROTOTYPES = YES;
				CLANG_WARN_SUSPICIOUS_MOVE = YES;
				CLANG_WARN_UNGUARDED_AVAILABILITY = YES_AGGRESSIVE;
				CLANG_WARN_UNREACHABLE_CODE = YES;
				CLANG_WARN__DUPLICATE_METHOD_MATCH = YES;
				COPY_PHASE_STRIP = NO;
				DEBUG_INFORMATION_FORMAT = dwarf;
				ENABLE_STRICT_OBJC_MSGSEND = YES;
				ENABLE_TESTABILITY = YES;
				GCC_C_LANGUAGE_STANDARD = gnu11;
				GCC_DYNAMIC_NO_PIC = NO;
				GCC_NO_COMMON_BLOCKS = YES;
				GCC_OPTIMIZATION_LEVEL = 0;
				GCC_PREPROCESSOR_DEFINITIONS = (
					"DEBUG=1",
					"$(inherited)",
				);
				GCC_WARN_64_TO_32_BIT_CONVERSION = YES;
				GCC_WARN_ABOUT_RETURN_TYPE = YES_ERROR;
				GCC_WARN_UNDECLARED_SELECTOR = YES;
				GCC_WARN_UNINITIALIZED_AUTOS = YES_AGGRESSIVE;
				GCC_WARN_UNUSED_FUNCTION = YES;
				GCC_WARN_UNUSED_VARIABLE = YES;
				IPHONEOS_DEPLOYMENT_TARGET = 16.4;
				MTL_ENABLE_DEBUG_INFO = INCLUDE_SOURCE;
				MTL_FAST_MATH = YES;
				ONLY_ACTIVE_ARCH = YES;
				SDKROOT = iphoneos;
				SWIFT_ACTIVE_COMPILATION_CONDITIONS = DEBUG;
				SWIFT_OPTIMIZATION_LEVEL = "-Onone";
			};
			name = Debug;
		};
		CA765C182AA0AC13004CBD52 /* Release */ = {
			isa = XCBuildConfiguration;
			buildSettings = {
				ALWAYS_SEARCH_USER_PATHS = NO;
				CLANG_ANALYZER_NONNULL = YES;
				CLANG_ANALYZER_NUMBER_OBJECT_CONVERSION = YES_AGGRESSIVE;
				CLANG_CXX_LANGUAGE_STANDARD = "gnu++20";
				CLANG_ENABLE_MODULES = YES;
				CLANG_ENABLE_OBJC_ARC = YES;
				CLANG_ENABLE_OBJC_WEAK = YES;
				CLANG_WARN_BLOCK_CAPTURE_AUTORELEASING = YES;
				CLANG_WARN_BOOL_CONVERSION = YES;
				CLANG_WARN_COMMA = YES;
				CLANG_WARN_CONSTANT_CONVERSION = YES;
				CLANG_WARN_DEPRECATED_OBJC_IMPLEMENTATIONS = YES;
				CLANG_WARN_DIRECT_OBJC_ISA_USAGE = YES_ERROR;
				CLANG_WARN_DOCUMENTATION_COMMENTS = YES;
				CLANG_WARN_EMPTY_BODY = YES;
				CLANG_WARN_ENUM_CONVERSION = YES;
				CLANG_WARN_INFINITE_RECURSION = YES;
				CLANG_WARN_INT_CONVERSION = YES;
				CLANG_WARN_NON_LITERAL_NULL_CONVERSION = YES;
				CLANG_WARN_OBJC_IMPLICIT_RETAIN_SELF = YES;
				CLANG_WARN_OBJC_LITERAL_CONVERSION = YES;
				CLANG_WARN_OBJC_ROOT_CLASS = YES_ERROR;
				CLANG_WARN_QUOTED_INCLUDE_IN_FRAMEWORK_HEADER = YES;
				CLANG_WARN_RANGE_LOOP_ANALYSIS = YES;
				CLANG_WARN_STRICT_PROTOTYPES = YES;
				CLANG_WARN_SUSPICIOUS_MOVE = YES;
				CLANG_WARN_UNGUARDED_AVAILABILITY = YES_AGGRESSIVE;
				CLANG_WARN_UNREACHABLE_CODE = YES;
				CLANG_WARN__DUPLICATE_METHOD_MATCH = YES;
				COPY_PHASE_STRIP = NO;
				DEBUG_INFORMATION_FORMAT = "dwarf-with-dsym";
				ENABLE_NS_ASSERTIONS = NO;
				ENABLE_STRICT_OBJC_MSGSEND = YES;
				GCC_C_LANGUAGE_STANDARD = gnu11;
				GCC_NO_COMMON_BLOCKS = YES;
				GCC_WARN_64_TO_32_BIT_CONVERSION = YES;
				GCC_WARN_ABOUT_RETURN_TYPE = YES_ERROR;
				GCC_WARN_UNDECLARED_SELECTOR = YES;
				GCC_WARN_UNINITIALIZED_AUTOS = YES_AGGRESSIVE;
				GCC_WARN_UNUSED_FUNCTION = YES;
				GCC_WARN_UNUSED_VARIABLE = YES;
				IPHONEOS_DEPLOYMENT_TARGET = 16.4;
				MTL_ENABLE_DEBUG_INFO = NO;
				MTL_FAST_MATH = YES;
				SDKROOT = iphoneos;
				SWIFT_COMPILATION_MODE = wholemodule;
				SWIFT_OPTIMIZATION_LEVEL = "-O";
				VALIDATE_PRODUCT = YES;
			};
			name = Release;
		};
		CA765C1A2AA0AC13004CBD52 /* Debug */ = {
			isa = XCBuildConfiguration;
			buildSettings = {
				ASSETCATALOG_COMPILER_APPICON_NAME = AppIcon;
				ASSETCATALOG_COMPILER_GLOBAL_ACCENT_COLOR_NAME = AccentColor;
				CODE_SIGN_STYLE = Automatic;
				CURRENT_PROJECT_VERSION = 1;
				DEVELOPMENT_ASSET_PATHS = "\"CoffeeMasters/Preview Content\"";
				ENABLE_PREVIEWS = YES;
				GENERATE_INFOPLIST_FILE = YES;
				INFOPLIST_FILE = CoffeeMasters/Info.plist;
				INFOPLIST_KEY_UIApplicationSceneManifest_Generation = YES;
				INFOPLIST_KEY_UIApplicationSupportsIndirectInputEvents = YES;
				INFOPLIST_KEY_UISupportedInterfaceOrientations_iPad = "UIInterfaceOrientationPortrait UIInterfaceOrientationPortraitUpsideDown UIInterfaceOrientationLandscapeLeft UIInterfaceOrientationLandscapeRight";
				INFOPLIST_KEY_UISupportedInterfaceOrientations_iPhone = "UIInterfaceOrientationPortrait UIInterfaceOrientationLandscapeLeft UIInterfaceOrientationLandscapeRight";
				LD_RUNPATH_SEARCH_PATHS = (
					"$(inherited)",
					"@executable_path/Frameworks",
				);
				MARKETING_VERSION = 1.0;
				PRODUCT_BUNDLE_IDENTIFIER = com.frontendmasters.workshop.CoffeeMasters;
				PRODUCT_NAME = "$(TARGET_NAME)";
				SWIFT_EMIT_LOC_STRINGS = YES;
				SWIFT_VERSION = 5.0;
				TARGETED_DEVICE_FAMILY = "1,2";
			};
			name = Debug;
		};
		CA765C1B2AA0AC13004CBD52 /* Release */ = {
			isa = XCBuildConfiguration;
			buildSettings = {
				ASSETCATALOG_COMPILER_APPICON_NAME = AppIcon;
				ASSETCATALOG_COMPILER_GLOBAL_ACCENT_COLOR_NAME = AccentColor;
				CODE_SIGN_STYLE = Automatic;
				CURRENT_PROJECT_VERSION = 1;
				DEVELOPMENT_ASSET_PATHS = "\"CoffeeMasters/Preview Content\"";
				ENABLE_PREVIEWS = YES;
				GENERATE_INFOPLIST_FILE = YES;
				INFOPLIST_FILE = CoffeeMasters/Info.plist;
				INFOPLIST_KEY_UIApplicationSceneManifest_Generation = YES;
				INFOPLIST_KEY_UIApplicationSupportsIndirectInputEvents = YES;
				INFOPLIST_KEY_UISupportedInterfaceOrientations_iPad = "UIInterfaceOrientationPortrait UIInterfaceOrientationPortraitUpsideDown UIInterfaceOrientationLandscapeLeft UIInterfaceOrientationLandscapeRight";
				INFOPLIST_KEY_UISupportedInterfaceOrientations_iPhone = "UIInterfaceOrientationPortrait UIInterfaceOrientationLandscapeLeft UIInterfaceOrientationLandscapeRight";
				LD_RUNPATH_SEARCH_PATHS = (
					"$(inherited)",
					"@executable_path/Frameworks",
				);
				MARKETING_VERSION = 1.0;
				PRODUCT_BUNDLE_IDENTIFIER = com.frontendmasters.workshop.CoffeeMasters;
				PRODUCT_NAME = "$(TARGET_NAME)";
				SWIFT_EMIT_LOC_STRINGS = YES;
				SWIFT_VERSION = 5.0;
				TARGETED_DEVICE_FAMILY = "1,2";
			};
			name = Release;
		};
/* End XCBuildConfiguration section */

/* Begin XCConfigurationList section */
		CA765C062AA0AC12004CBD52 /* Build configuration list for PBXProject "CoffeeMasters" */ = {
			isa = XCConfigurationList;
			buildConfigurations = (
				CA765C172AA0AC13004CBD52 /* Debug */,
				CA765C182AA0AC13004CBD52 /* Release */,
			);
			defaultConfigurationIsVisible = 0;
			defaultConfigurationName = Release;
		};
		CA765C192AA0AC13004CBD52 /* Build configuration list for PBXNativeTarget "CoffeeMasters" */ = {
			isa = XCConfigurationList;
			buildConfigurations = (
				CA765C1A2AA0AC13004CBD52 /* Debug */,
				CA765C1B2AA0AC13004CBD52 /* Release */,
			);
			defaultConfigurationIsVisible = 0;
			defaultConfigurationName = Release;
		};
/* End XCConfigurationList section */

/* Begin XCRemoteSwiftPackageReference section */
		CA765C382AA204B9004CBD52 /* XCRemoteSwiftPackageReference "Alamofire" */ = {
			isa = XCRemoteSwiftPackageReference;
			repositoryURL = "https://github.com/Alamofire/Alamofire";
			requirement = {
				kind = upToNextMajorVersion;
				minimumVersion = 5.0.0;
			};
		};
/* End XCRemoteSwiftPackageReference section */

/* Begin XCSwiftPackageProductDependency section */
		CA765C392AA204B9004CBD52 /* Alamofire */ = {
			isa = XCSwiftPackageProductDependency;
			package = CA765C382AA204B9004CBD52 /* XCRemoteSwiftPackageReference "Alamofire" */;
			productName = Alamofire;
		};
/* End XCSwiftPackageProductDependency section */
	};
	rootObject = CA765C032AA0AC12004CBD52 /* Project object */;
}
